// !$*UTF8*$!
{
	archiveVersion = 1;
	classes = {
	};
	objectVersion = 56;
	objects = {

/* Begin PBXBuildFile section */
		5238DF172A67371B0064A504 /* PortfolioApp.swift in Sources */ = {isa = PBXBuildFile; fileRef = 5238DF162A67371B0064A504 /* PortfolioApp.swift */; };
		5238DF192A67371B0064A504 /* ContentView.swift in Sources */ = {isa = PBXBuildFile; fileRef = 5238DF182A67371B0064A504 /* ContentView.swift */; };
		5238DF1B2A67371D0064A504 /* Assets.xcassets in Resources */ = {isa = PBXBuildFile; fileRef = 5238DF1A2A67371D0064A504 /* Assets.xcassets */; };
		5238DF1F2A67371D0064A504 /* Preview Assets.xcassets in Resources */ = {isa = PBXBuildFile; fileRef = 5238DF1E2A67371D0064A504 /* Preview Assets.xcassets */; };
		5238DF272A674FC70064A504 /* Main.xcdatamodeld in Sources */ = {isa = PBXBuildFile; fileRef = 5238DF252A674FC70064A504 /* Main.xcdatamodeld */; };
		5238DF2A2A67526E0064A504 /* DataController.swift in Sources */ = {isa = PBXBuildFile; fileRef = 5238DF292A67526E0064A504 /* DataController.swift */; };
		5238DF2C2A676BFE0064A504 /* SidebarView.swift in Sources */ = {isa = PBXBuildFile; fileRef = 5238DF2B2A676BFE0064A504 /* SidebarView.swift */; };
		5238DF2E2A676C0B0064A504 /* DetailView.swift in Sources */ = {isa = PBXBuildFile; fileRef = 5238DF2D2A676C0B0064A504 /* DetailView.swift */; };
		5238DF302A676FC00064A504 /* Filter.swift in Sources */ = {isa = PBXBuildFile; fileRef = 5238DF2F2A676FC00064A504 /* Filter.swift */; };
		52565D962A6D96CF00AFD3BB /* Bundle-Decodable.swift in Sources */ = {isa = PBXBuildFile; fileRef = 52565D952A6D96CF00AFD3BB /* Bundle-Decodable.swift */; };
		52565D9A2A6D9C3300AFD3BB /* Colors.xcassets in Resources */ = {isa = PBXBuildFile; fileRef = 52565D982A6D9C3300AFD3BB /* Colors.xcassets */; };
		52565D9C2A6D9CDB00AFD3BB /* Award.swift in Sources */ = {isa = PBXBuildFile; fileRef = 52565D9B2A6D9CDB00AFD3BB /* Award.swift */; };
		52565D9E2A6D9DB300AFD3BB /* AwardsView.swift in Sources */ = {isa = PBXBuildFile; fileRef = 52565D9D2A6D9DB300AFD3BB /* AwardsView.swift */; };
		52565DA52A6F18B900AFD3BB /* Localizable.strings in Resources */ = {isa = PBXBuildFile; fileRef = 52565DA72A6F18B900AFD3BB /* Localizable.strings */; };
		52565DA82A6F18C400AFD3BB /* Localizable.stringsdict in Resources */ = {isa = PBXBuildFile; fileRef = 52565DAA2A6F18C400AFD3BB /* Localizable.stringsdict */; };
		52565DAB2A6F18D300AFD3BB /* Awards.json in Resources */ = {isa = PBXBuildFile; fileRef = 52565DAD2A6F18D300AFD3BB /* Awards.json */; };
		52E6AC432A67827D00B21AF4 /* Issue-CoreDataHelpers.swift in Sources */ = {isa = PBXBuildFile; fileRef = 52E6AC422A67827D00B21AF4 /* Issue-CoreDataHelpers.swift */; };
		52E6AC452A67828B00B21AF4 /* Tag-CoreDataHelpers.swift in Sources */ = {isa = PBXBuildFile; fileRef = 52E6AC442A67828B00B21AF4 /* Tag-CoreDataHelpers.swift */; };
		52E6AC472A6853EC00B21AF4 /* IssueRow.swift in Sources */ = {isa = PBXBuildFile; fileRef = 52E6AC462A6853EC00B21AF4 /* IssueRow.swift */; };
		52E6AC492A685DA200B21AF4 /* IssueView.swift in Sources */ = {isa = PBXBuildFile; fileRef = 52E6AC482A685DA200B21AF4 /* IssueView.swift */; };
		52E6AC4B2A685DAC00B21AF4 /* NoIssueView.swift in Sources */ = {isa = PBXBuildFile; fileRef = 52E6AC4A2A685DAC00B21AF4 /* NoIssueView.swift */; };
/* End PBXBuildFile section */

/* Begin PBXFileReference section */
		5238DF132A67371B0064A504 /* Portfolio.app */ = {isa = PBXFileReference; explicitFileType = wrapper.application; includeInIndex = 0; path = Portfolio.app; sourceTree = BUILT_PRODUCTS_DIR; };
		5238DF162A67371B0064A504 /* PortfolioApp.swift */ = {isa = PBXFileReference; lastKnownFileType = sourcecode.swift; path = PortfolioApp.swift; sourceTree = "<group>"; };
		5238DF182A67371B0064A504 /* ContentView.swift */ = {isa = PBXFileReference; lastKnownFileType = sourcecode.swift; path = ContentView.swift; sourceTree = "<group>"; };
		5238DF1A2A67371D0064A504 /* Assets.xcassets */ = {isa = PBXFileReference; lastKnownFileType = folder.assetcatalog; path = Assets.xcassets; sourceTree = "<group>"; };
		5238DF1C2A67371D0064A504 /* Portfolio.entitlements */ = {isa = PBXFileReference; lastKnownFileType = text.plist.entitlements; path = Portfolio.entitlements; sourceTree = "<group>"; };
		5238DF1E2A67371D0064A504 /* Preview Assets.xcassets */ = {isa = PBXFileReference; lastKnownFileType = folder.assetcatalog; path = "Preview Assets.xcassets"; sourceTree = "<group>"; };
		5238DF262A674FC70064A504 /* Main.xcdatamodel */ = {isa = PBXFileReference; lastKnownFileType = wrapper.xcdatamodel; path = Main.xcdatamodel; sourceTree = "<group>"; };
		5238DF282A6752390064A504 /* Info.plist */ = {isa = PBXFileReference; lastKnownFileType = text.plist; path = Info.plist; sourceTree = "<group>"; };
		5238DF292A67526E0064A504 /* DataController.swift */ = {isa = PBXFileReference; lastKnownFileType = sourcecode.swift; path = DataController.swift; sourceTree = "<group>"; };
		5238DF2B2A676BFE0064A504 /* SidebarView.swift */ = {isa = PBXFileReference; lastKnownFileType = sourcecode.swift; path = SidebarView.swift; sourceTree = "<group>"; };
		5238DF2D2A676C0B0064A504 /* DetailView.swift */ = {isa = PBXFileReference; lastKnownFileType = sourcecode.swift; path = DetailView.swift; sourceTree = "<group>"; };
		5238DF2F2A676FC00064A504 /* Filter.swift */ = {isa = PBXFileReference; lastKnownFileType = sourcecode.swift; path = Filter.swift; sourceTree = "<group>"; };
		52565D952A6D96CF00AFD3BB /* Bundle-Decodable.swift */ = {isa = PBXFileReference; lastKnownFileType = sourcecode.swift; path = "Bundle-Decodable.swift"; sourceTree = "<group>"; };
		52565D982A6D9C3300AFD3BB /* Colors.xcassets */ = {isa = PBXFileReference; lastKnownFileType = folder.assetcatalog; path = Colors.xcassets; sourceTree = "<group>"; };
		52565D9B2A6D9CDB00AFD3BB /* Award.swift */ = {isa = PBXFileReference; lastKnownFileType = sourcecode.swift; path = Award.swift; sourceTree = "<group>"; };
		52565D9D2A6D9DB300AFD3BB /* AwardsView.swift */ = {isa = PBXFileReference; lastKnownFileType = sourcecode.swift; path = AwardsView.swift; sourceTree = "<group>"; };
		52565DA62A6F18B900AFD3BB /* en */ = {isa = PBXFileReference; lastKnownFileType = text.plist.strings; name = en; path = en.lproj/Localizable.strings; sourceTree = "<group>"; };
		52565DA92A6F18C400AFD3BB /* en */ = {isa = PBXFileReference; lastKnownFileType = text.plist.stringsdict; name = en; path = en.lproj/Localizable.stringsdict; sourceTree = "<group>"; };
		52565DAC2A6F18D300AFD3BB /* en */ = {isa = PBXFileReference; lastKnownFileType = text.json; name = en; path = en.lproj/Awards.json; sourceTree = "<group>"; };
		52565DAE2A6F196500AFD3BB /* hu */ = {isa = PBXFileReference; lastKnownFileType = text.plist.strings; name = hu; path = hu.lproj/Localizable.strings; sourceTree = "<group>"; };
		52565DAF2A6F196D00AFD3BB /* hu */ = {isa = PBXFileReference; lastKnownFileType = text.plist.stringsdict; name = hu; path = hu.lproj/Localizable.stringsdict; sourceTree = "<group>"; };
		52565DB02A6F197400AFD3BB /* hu */ = {isa = PBXFileReference; lastKnownFileType = text.json; name = hu; path = hu.lproj/Awards.json; sourceTree = "<group>"; };
		52565DB12A6F198200AFD3BB /* Base */ = {isa = PBXFileReference; lastKnownFileType = text.json; name = Base; path = Base.lproj/Awards.json; sourceTree = "<group>"; };
		52E6AC422A67827D00B21AF4 /* Issue-CoreDataHelpers.swift */ = {isa = PBXFileReference; lastKnownFileType = sourcecode.swift; path = "Issue-CoreDataHelpers.swift"; sourceTree = "<group>"; };
		52E6AC442A67828B00B21AF4 /* Tag-CoreDataHelpers.swift */ = {isa = PBXFileReference; lastKnownFileType = sourcecode.swift; path = "Tag-CoreDataHelpers.swift"; sourceTree = "<group>"; };
		52E6AC462A6853EC00B21AF4 /* IssueRow.swift */ = {isa = PBXFileReference; lastKnownFileType = sourcecode.swift; path = IssueRow.swift; sourceTree = "<group>"; };
		52E6AC482A685DA200B21AF4 /* IssueView.swift */ = {isa = PBXFileReference; lastKnownFileType = sourcecode.swift; path = IssueView.swift; sourceTree = "<group>"; };
		52E6AC4A2A685DAC00B21AF4 /* NoIssueView.swift */ = {isa = PBXFileReference; lastKnownFileType = sourcecode.swift; path = NoIssueView.swift; sourceTree = "<group>"; };
/* End PBXFileReference section */

/* Begin PBXFrameworksBuildPhase section */
		5238DF102A67371B0064A504 /* Frameworks */ = {
			isa = PBXFrameworksBuildPhase;
			buildActionMask = 2147483647;
			files = (
			);
			runOnlyForDeploymentPostprocessing = 0;
		};
/* End PBXFrameworksBuildPhase section */

/* Begin PBXGroup section */
		5238DF0A2A67371B0064A504 = {
			isa = PBXGroup;
			children = (
				5238DF152A67371B0064A504 /* Portfolio */,
				5238DF142A67371B0064A504 /* Products */,
			);
			sourceTree = "<group>";
		};
		5238DF142A67371B0064A504 /* Products */ = {
			isa = PBXGroup;
			children = (
				5238DF132A67371B0064A504 /* Portfolio.app */,
			);
			name = Products;
			sourceTree = "<group>";
		};
		5238DF152A67371B0064A504 /* Portfolio */ = {
			isa = PBXGroup;
			children = (
				52565DA72A6F18B900AFD3BB /* Localizable.strings */,
				5238DF282A6752390064A504 /* Info.plist */,
				5238DF162A67371B0064A504 /* PortfolioApp.swift */,
				5238DF2B2A676BFE0064A504 /* SidebarView.swift */,
				52565DAA2A6F18C400AFD3BB /* Localizable.stringsdict */,
				52565D952A6D96CF00AFD3BB /* Bundle-Decodable.swift */,
				5238DF2F2A676FC00064A504 /* Filter.swift */,
				5238DF2D2A676C0B0064A504 /* DetailView.swift */,
				52E6AC482A685DA200B21AF4 /* IssueView.swift */,
				52E6AC4A2A685DAC00B21AF4 /* NoIssueView.swift */,
				5238DF182A67371B0064A504 /* ContentView.swift */,
				52E6AC462A6853EC00B21AF4 /* IssueRow.swift */,
				5238DF292A67526E0064A504 /* DataController.swift */,
				52E6AC422A67827D00B21AF4 /* Issue-CoreDataHelpers.swift */,
				52E6AC442A67828B00B21AF4 /* Tag-CoreDataHelpers.swift */,
				5238DF252A674FC70064A504 /* Main.xcdatamodeld */,
				5238DF1A2A67371D0064A504 /* Assets.xcassets */,
				52565DAD2A6F18D300AFD3BB /* Awards.json */,
				52565D9B2A6D9CDB00AFD3BB /* Award.swift */,
				52565D9D2A6D9DB300AFD3BB /* AwardsView.swift */,
				52565D982A6D9C3300AFD3BB /* Colors.xcassets */,
				5238DF1C2A67371D0064A504 /* Portfolio.entitlements */,
				5238DF1D2A67371D0064A504 /* Preview Content */,
			);
			path = Portfolio;
			sourceTree = "<group>";
		};
		5238DF1D2A67371D0064A504 /* Preview Content */ = {
			isa = PBXGroup;
			children = (
				5238DF1E2A67371D0064A504 /* Preview Assets.xcassets */,
			);
			path = "Preview Content";
			sourceTree = "<group>";
		};
/* End PBXGroup section */

/* Begin PBXNativeTarget section */
		5238DF122A67371B0064A504 /* Portfolio */ = {
			isa = PBXNativeTarget;
			buildConfigurationList = 5238DF222A67371D0064A504 /* Build configuration list for PBXNativeTarget "Portfolio" */;
			buildPhases = (
				5238DF0F2A67371B0064A504 /* Sources */,
				5238DF102A67371B0064A504 /* Frameworks */,
				5238DF112A67371B0064A504 /* Resources */,
			);
			buildRules = (
			);
			dependencies = (
			);
			name = Portfolio;
			productName = Portfolio;
			productReference = 5238DF132A67371B0064A504 /* Portfolio.app */;
			productType = "com.apple.product-type.application";
		};
/* End PBXNativeTarget section */

/* Begin PBXProject section */
		5238DF0B2A67371B0064A504 /* Project object */ = {
			isa = PBXProject;
			attributes = {
				BuildIndependentTargetsInParallel = 1;
				LastSwiftUpdateCheck = 1430;
				LastUpgradeCheck = 1430;
				TargetAttributes = {
					5238DF122A67371B0064A504 = {
						CreatedOnToolsVersion = 14.3.1;
					};
				};
			};
			buildConfigurationList = 5238DF0E2A67371B0064A504 /* Build configuration list for PBXProject "Portfolio" */;
			compatibilityVersion = "Xcode 14.0";
			developmentRegion = en;
			hasScannedForEncodings = 0;
			knownRegions = (
				en,
				Base,
				hu,
			);
			mainGroup = 5238DF0A2A67371B0064A504;
			productRefGroup = 5238DF142A67371B0064A504 /* Products */;
			projectDirPath = "";
			projectRoot = "";
			targets = (
				5238DF122A67371B0064A504 /* Portfolio */,
			);
		};
/* End PBXProject section */

/* Begin PBXResourcesBuildPhase section */
		5238DF112A67371B0064A504 /* Resources */ = {
			isa = PBXResourcesBuildPhase;
			buildActionMask = 2147483647;
			files = (
				52565DA52A6F18B900AFD3BB /* Localizable.strings in Resources */,
				5238DF1F2A67371D0064A504 /* Preview Assets.xcassets in Resources */,
				52565D9A2A6D9C3300AFD3BB /* Colors.xcassets in Resources */,
				52565DAB2A6F18D300AFD3BB /* Awards.json in Resources */,
				5238DF1B2A67371D0064A504 /* Assets.xcassets in Resources */,
				52565DA82A6F18C400AFD3BB /* Localizable.stringsdict in Resources */,
			);
			runOnlyForDeploymentPostprocessing = 0;
		};
/* End PBXResourcesBuildPhase section */

/* Begin PBXSourcesBuildPhase section */
		5238DF0F2A67371B0064A504 /* Sources */ = {
			isa = PBXSourcesBuildPhase;
			buildActionMask = 2147483647;
			files = (
				5238DF302A676FC00064A504 /* Filter.swift in Sources */,
				52565D9C2A6D9CDB00AFD3BB /* Award.swift in Sources */,
				52565D9E2A6D9DB300AFD3BB /* AwardsView.swift in Sources */,
				52E6AC452A67828B00B21AF4 /* Tag-CoreDataHelpers.swift in Sources */,
				5238DF272A674FC70064A504 /* Main.xcdatamodeld in Sources */,
				52E6AC432A67827D00B21AF4 /* Issue-CoreDataHelpers.swift in Sources */,
				52565D962A6D96CF00AFD3BB /* Bundle-Decodable.swift in Sources */,
				5238DF2E2A676C0B0064A504 /* DetailView.swift in Sources */,
				5238DF2A2A67526E0064A504 /* DataController.swift in Sources */,
				5238DF2C2A676BFE0064A504 /* SidebarView.swift in Sources */,
				5238DF192A67371B0064A504 /* ContentView.swift in Sources */,
				52E6AC492A685DA200B21AF4 /* IssueView.swift in Sources */,
				52E6AC4B2A685DAC00B21AF4 /* NoIssueView.swift in Sources */,
				52E6AC472A6853EC00B21AF4 /* IssueRow.swift in Sources */,
				5238DF172A67371B0064A504 /* PortfolioApp.swift in Sources */,
			);
			runOnlyForDeploymentPostprocessing = 0;
		};
/* End PBXSourcesBuildPhase section */

/* Begin PBXVariantGroup section */
		52565DA72A6F18B900AFD3BB /* Localizable.strings */ = {
			isa = PBXVariantGroup;
			children = (
				52565DA62A6F18B900AFD3BB /* en */,
				52565DAE2A6F196500AFD3BB /* hu */,
			);
			name = Localizable.strings;
			sourceTree = "<group>";
		};
		52565DAA2A6F18C400AFD3BB /* Localizable.stringsdict */ = {
			isa = PBXVariantGroup;
			children = (
				52565DA92A6F18C400AFD3BB /* en */,
				52565DAF2A6F196D00AFD3BB /* hu */,
			);
			name = Localizable.stringsdict;
			sourceTree = "<group>";
		};
		52565DAD2A6F18D300AFD3BB /* Awards.json */ = {
			isa = PBXVariantGroup;
			children = (
				52565DAC2A6F18D300AFD3BB /* en */,
				52565DB02A6F197400AFD3BB /* hu */,
				52565DB12A6F198200AFD3BB /* Base */,
			);
			name = Awards.json;
			sourceTree = "<group>";
		};
/* End PBXVariantGroup section */

/* Begin XCBuildConfiguration section */
		5238DF202A67371D0064A504 /* Debug */ = {
			isa = XCBuildConfiguration;
			buildSettings = {
				ALWAYS_SEARCH_USER_PATHS = NO;
				CLANG_ANALYZER_NONNULL = YES;
				CLANG_ANALYZER_NUMBER_OBJECT_CONVERSION = YES_AGGRESSIVE;
				CLANG_CXX_LANGUAGE_STANDARD = "gnu++20";
				CLANG_ENABLE_MODULES = YES;
				CLANG_ENABLE_OBJC_ARC = YES;
				CLANG_ENABLE_OBJC_WEAK = YES;
				CLANG_WARN_BLOCK_CAPTURE_AUTORELEASING = YES;
				CLANG_WARN_BOOL_CONVERSION = YES;
				CLANG_WARN_COMMA = YES;
				CLANG_WARN_CONSTANT_CONVERSION = YES;
				CLANG_WARN_DEPRECATED_OBJC_IMPLEMENTATIONS = YES;
				CLANG_WARN_DIRECT_OBJC_ISA_USAGE = YES_ERROR;
				CLANG_WARN_DOCUMENTATION_COMMENTS = YES;
				CLANG_WARN_EMPTY_BODY = YES;
				CLANG_WARN_ENUM_CONVERSION = YES;
				CLANG_WARN_INFINITE_RECURSION = YES;
				CLANG_WARN_INT_CONVERSION = YES;
				CLANG_WARN_NON_LITERAL_NULL_CONVERSION = YES;
				CLANG_WARN_OBJC_IMPLICIT_RETAIN_SELF = YES;
				CLANG_WARN_OBJC_LITERAL_CONVERSION = YES;
				CLANG_WARN_OBJC_ROOT_CLASS = YES_ERROR;
				CLANG_WARN_QUOTED_INCLUDE_IN_FRAMEWORK_HEADER = YES;
				CLANG_WARN_RANGE_LOOP_ANALYSIS = YES;
				CLANG_WARN_STRICT_PROTOTYPES = YES;
				CLANG_WARN_SUSPICIOUS_MOVE = YES;
				CLANG_WARN_UNGUARDED_AVAILABILITY = YES_AGGRESSIVE;
				CLANG_WARN_UNREACHABLE_CODE = YES;
				CLANG_WARN__DUPLICATE_METHOD_MATCH = YES;
				COPY_PHASE_STRIP = NO;
				DEBUG_INFORMATION_FORMAT = dwarf;
				ENABLE_STRICT_OBJC_MSGSEND = YES;
				ENABLE_TESTABILITY = YES;
				GCC_C_LANGUAGE_STANDARD = gnu11;
				GCC_DYNAMIC_NO_PIC = NO;
				GCC_NO_COMMON_BLOCKS = YES;
				GCC_OPTIMIZATION_LEVEL = 0;
				GCC_PREPROCESSOR_DEFINITIONS = (
					"DEBUG=1",
					"$(inherited)",
				);
				GCC_WARN_64_TO_32_BIT_CONVERSION = YES;
				GCC_WARN_ABOUT_RETURN_TYPE = YES_ERROR;
				GCC_WARN_UNDECLARED_SELECTOR = YES;
				GCC_WARN_UNINITIALIZED_AUTOS = YES_AGGRESSIVE;
				GCC_WARN_UNUSED_FUNCTION = YES;
				GCC_WARN_UNUSED_VARIABLE = YES;
				MTL_ENABLE_DEBUG_INFO = INCLUDE_SOURCE;
				MTL_FAST_MATH = YES;
				ONLY_ACTIVE_ARCH = YES;
				SWIFT_ACTIVE_COMPILATION_CONDITIONS = DEBUG;
				SWIFT_OPTIMIZATION_LEVEL = "-Onone";
			};
			name = Debug;
		};
		5238DF212A67371D0064A504 /* Release */ = {
			isa = XCBuildConfiguration;
			buildSettings = {
				ALWAYS_SEARCH_USER_PATHS = NO;
				CLANG_ANALYZER_NONNULL = YES;
				CLANG_ANALYZER_NUMBER_OBJECT_CONVERSION = YES_AGGRESSIVE;
				CLANG_CXX_LANGUAGE_STANDARD = "gnu++20";
				CLANG_ENABLE_MODULES = YES;
				CLANG_ENABLE_OBJC_ARC = YES;
				CLANG_ENABLE_OBJC_WEAK = YES;
				CLANG_WARN_BLOCK_CAPTURE_AUTORELEASING = YES;
				CLANG_WARN_BOOL_CONVERSION = YES;
				CLANG_WARN_COMMA = YES;
				CLANG_WARN_CONSTANT_CONVERSION = YES;
				CLANG_WARN_DEPRECATED_OBJC_IMPLEMENTATIONS = YES;
				CLANG_WARN_DIRECT_OBJC_ISA_USAGE = YES_ERROR;
				CLANG_WARN_DOCUMENTATION_COMMENTS = YES;
				CLANG_WARN_EMPTY_BODY = YES;
				CLANG_WARN_ENUM_CONVERSION = YES;
				CLANG_WARN_INFINITE_RECURSION = YES;
				CLANG_WARN_INT_CONVERSION = YES;
				CLANG_WARN_NON_LITERAL_NULL_CONVERSION = YES;
				CLANG_WARN_OBJC_IMPLICIT_RETAIN_SELF = YES;
				CLANG_WARN_OBJC_LITERAL_CONVERSION = YES;
				CLANG_WARN_OBJC_ROOT_CLASS = YES_ERROR;
				CLANG_WARN_QUOTED_INCLUDE_IN_FRAMEWORK_HEADER = YES;
				CLANG_WARN_RANGE_LOOP_ANALYSIS = YES;
				CLANG_WARN_STRICT_PROTOTYPES = YES;
				CLANG_WARN_SUSPICIOUS_MOVE = YES;
				CLANG_WARN_UNGUARDED_AVAILABILITY = YES_AGGRESSIVE;
				CLANG_WARN_UNREACHABLE_CODE = YES;
				CLANG_WARN__DUPLICATE_METHOD_MATCH = YES;
				COPY_PHASE_STRIP = NO;
				DEBUG_INFORMATION_FORMAT = "dwarf-with-dsym";
				ENABLE_NS_ASSERTIONS = NO;
				ENABLE_STRICT_OBJC_MSGSEND = YES;
				GCC_C_LANGUAGE_STANDARD = gnu11;
				GCC_NO_COMMON_BLOCKS = YES;
				GCC_WARN_64_TO_32_BIT_CONVERSION = YES;
				GCC_WARN_ABOUT_RETURN_TYPE = YES_ERROR;
				GCC_WARN_UNDECLARED_SELECTOR = YES;
				GCC_WARN_UNINITIALIZED_AUTOS = YES_AGGRESSIVE;
				GCC_WARN_UNUSED_FUNCTION = YES;
				GCC_WARN_UNUSED_VARIABLE = YES;
				MTL_ENABLE_DEBUG_INFO = NO;
				MTL_FAST_MATH = YES;
				SWIFT_COMPILATION_MODE = wholemodule;
				SWIFT_OPTIMIZATION_LEVEL = "-O";
			};
			name = Release;
		};
		5238DF232A67371D0064A504 /* Debug */ = {
			isa = XCBuildConfiguration;
			buildSettings = {
				ASSETCATALOG_COMPILER_APPICON_NAME = AppIcon;
				ASSETCATALOG_COMPILER_GLOBAL_ACCENT_COLOR_NAME = AccentColor;
				CODE_SIGN_ENTITLEMENTS = Portfolio/Portfolio.entitlements;
				CODE_SIGN_STYLE = Automatic;
				CURRENT_PROJECT_VERSION = 1;
				DEVELOPMENT_ASSET_PATHS = "\"Portfolio/Preview Content\"";
				DEVELOPMENT_TEAM = AG76BK4REC;
				ENABLE_HARDENED_RUNTIME = YES;
				ENABLE_PREVIEWS = YES;
				GENERATE_INFOPLIST_FILE = YES;
				INFOPLIST_FILE = Portfolio/Info.plist;
				"INFOPLIST_KEY_UIApplicationSceneManifest_Generation[sdk=iphoneos*]" = YES;
				"INFOPLIST_KEY_UIApplicationSceneManifest_Generation[sdk=iphonesimulator*]" = YES;
				"INFOPLIST_KEY_UIApplicationSupportsIndirectInputEvents[sdk=iphoneos*]" = YES;
				"INFOPLIST_KEY_UIApplicationSupportsIndirectInputEvents[sdk=iphonesimulator*]" = YES;
				"INFOPLIST_KEY_UILaunchScreen_Generation[sdk=iphoneos*]" = YES;
				"INFOPLIST_KEY_UILaunchScreen_Generation[sdk=iphonesimulator*]" = YES;
				"INFOPLIST_KEY_UIStatusBarStyle[sdk=iphoneos*]" = UIStatusBarStyleDefault;
				"INFOPLIST_KEY_UIStatusBarStyle[sdk=iphonesimulator*]" = UIStatusBarStyleDefault;
				INFOPLIST_KEY_UISupportedInterfaceOrientations_iPad = "UIInterfaceOrientationPortrait UIInterfaceOrientationPortraitUpsideDown UIInterfaceOrientationLandscapeLeft UIInterfaceOrientationLandscapeRight";
				INFOPLIST_KEY_UISupportedInterfaceOrientations_iPhone = "UIInterfaceOrientationPortrait UIInterfaceOrientationLandscapeLeft UIInterfaceOrientationLandscapeRight";
				IPHONEOS_DEPLOYMENT_TARGET = 16.4;
				LD_RUNPATH_SEARCH_PATHS = "@executable_path/Frameworks";
				"LD_RUNPATH_SEARCH_PATHS[sdk=macosx*]" = "@executable_path/../Frameworks";
				MACOSX_DEPLOYMENT_TARGET = 13.3;
				MARKETING_VERSION = 1.0;
				PRODUCT_BUNDLE_IDENTIFIER = com.abstracttech.Portfolio;
				PRODUCT_NAME = "$(TARGET_NAME)";
				SDKROOT = auto;
				SUPPORTED_PLATFORMS = "iphoneos iphonesimulator macosx";
				SWIFT_EMIT_LOC_STRINGS = YES;
				SWIFT_VERSION = 5.0;
				TARGETED_DEVICE_FAMILY = "1,2";
			};
			name = Debug;
		};
		5238DF242A67371D0064A504 /* Release */ = {
			isa = XCBuildConfiguration;
			buildSettings = {
				ASSETCATALOG_COMPILER_APPICON_NAME = AppIcon;
				ASSETCATALOG_COMPILER_GLOBAL_ACCENT_COLOR_NAME = AccentColor;
				CODE_SIGN_ENTITLEMENTS = Portfolio/Portfolio.entitlements;
				CODE_SIGN_STYLE = Automatic;
				CURRENT_PROJECT_VERSION = 1;
				DEVELOPMENT_ASSET_PATHS = "\"Portfolio/Preview Content\"";
				DEVELOPMENT_TEAM = AG76BK4REC;
				ENABLE_HARDENED_RUNTIME = YES;
				ENABLE_PREVIEWS = YES;
				GENERATE_INFOPLIST_FILE = YES;
				INFOPLIST_FILE = Portfolio/Info.plist;
				"INFOPLIST_KEY_UIApplicationSceneManifest_Generation[sdk=iphoneos*]" = YES;
				"INFOPLIST_KEY_UIApplicationSceneManifest_Generation[sdk=iphonesimulator*]" = YES;
				"INFOPLIST_KEY_UIApplicationSupportsIndirectInputEvents[sdk=iphoneos*]" = YES;
				"INFOPLIST_KEY_UIApplicationSupportsIndirectInputEvents[sdk=iphonesimulator*]" = YES;
				"INFOPLIST_KEY_UILaunchScreen_Generation[sdk=iphoneos*]" = YES;
				"INFOPLIST_KEY_UILaunchScreen_Generation[sdk=iphonesimulator*]" = YES;
				"INFOPLIST_KEY_UIStatusBarStyle[sdk=iphoneos*]" = UIStatusBarStyleDefault;
				"INFOPLIST_KEY_UIStatusBarStyle[sdk=iphonesimulator*]" = UIStatusBarStyleDefault;
				INFOPLIST_KEY_UISupportedInterfaceOrientations_iPad = "UIInterfaceOrientationPortrait UIInterfaceOrientationPortraitUpsideDown UIInterfaceOrientationLandscapeLeft UIInterfaceOrientationLandscapeRight";
				INFOPLIST_KEY_UISupportedInterfaceOrientations_iPhone = "UIInterfaceOrientationPortrait UIInterfaceOrientationLandscapeLeft UIInterfaceOrientationLandscapeRight";
				IPHONEOS_DEPLOYMENT_TARGET = 16.4;
				LD_RUNPATH_SEARCH_PATHS = "@executable_path/Frameworks";
				"LD_RUNPATH_SEARCH_PATHS[sdk=macosx*]" = "@executable_path/../Frameworks";
				MACOSX_DEPLOYMENT_TARGET = 13.3;
				MARKETING_VERSION = 1.0;
				PRODUCT_BUNDLE_IDENTIFIER = com.abstracttech.Portfolio;
				PRODUCT_NAME = "$(TARGET_NAME)";
				SDKROOT = auto;
				SUPPORTED_PLATFORMS = "iphoneos iphonesimulator macosx";
				SWIFT_EMIT_LOC_STRINGS = YES;
				SWIFT_VERSION = 5.0;
				TARGETED_DEVICE_FAMILY = "1,2";
			};
			name = Release;
		};
/* End XCBuildConfiguration section */

/* Begin XCConfigurationList section */
		5238DF0E2A67371B0064A504 /* Build configuration list for PBXProject "Portfolio" */ = {
			isa = XCConfigurationList;
			buildConfigurations = (
				5238DF202A67371D0064A504 /* Debug */,
				5238DF212A67371D0064A504 /* Release */,
			);
			defaultConfigurationIsVisible = 0;
			defaultConfigurationName = Release;
		};
		5238DF222A67371D0064A504 /* Build configuration list for PBXNativeTarget "Portfolio" */ = {
			isa = XCConfigurationList;
			buildConfigurations = (
				5238DF232A67371D0064A504 /* Debug */,
				5238DF242A67371D0064A504 /* Release */,
			);
			defaultConfigurationIsVisible = 0;
			defaultConfigurationName = Release;
		};
/* End XCConfigurationList section */

/* Begin XCVersionGroup section */
		5238DF252A674FC70064A504 /* Main.xcdatamodeld */ = {
			isa = XCVersionGroup;
			children = (
				5238DF262A674FC70064A504 /* Main.xcdatamodel */,
			);
			currentVersion = 5238DF262A674FC70064A504 /* Main.xcdatamodel */;
			path = Main.xcdatamodeld;
			sourceTree = "<group>";
			versionGroupType = wrapper.xcdatamodel;
		};
/* End XCVersionGroup section */
	};
	rootObject = 5238DF0B2A67371B0064A504 /* Project object */;
}
